
Microsoft Visual Studio Solution File, Format Version 12.00
# Visual Studio Version 17
VisualStudioVersion = 17.8.34330.188
MinimumVisualStudioVersion = 10.0.40219.1
Project("{2150E333-8FDC-42A3-9474-1A3956D46DE8}") = "Solution Items", "Solution Items", "{969C4A73-D560-4577-8D1F-E5E73E5CABC2}"
	ProjectSection(SolutionItems) = preProject
		Desc.txt = Desc.txt
		PostmanTest.txt = PostmanTest.txt
	EndProjectSection
EndProject
Project("{2150E333-8FDC-42A3-9474-1A3956D46DE8}") = "Services", "Services", "{3875EEA0-DC3C-47EA-9B6E-4878A1FE0FD3}"
EndProject
Project("{2150E333-8FDC-42A3-9474-1A3956D46DE8}") = "Catalog", "Catalog", "{1F665984-96EE-453D-BD09-664AA0B62B97}"
EndProject
Project("{9A19103F-16F7-4668-BE54-9A1E7A4F7556}") = "Catalog.API", "Services\Catalog\Catalog.API\Catalog.API.csproj", "{6AAD48BC-B786-423B-BE83-8D3796CA6269}"
EndProject
Project("{2150E333-8FDC-42A3-9474-1A3956D46DE8}") = "Basket", "Basket", "{C173353C-4294-47D9-8E5B-B6650FFB0FB1}"
EndProject
Project("{9A19103F-16F7-4668-BE54-9A1E7A4F7556}") = "Basket.API", "Services\Basket\Basket.API\Basket.API.csproj", "{CF75268C-2E06-413C-904B-91CA5536FF91}"
EndProject
Project("{E53339B2-1760-4266-BCC7-CA923CBCF16C}") = "docker-compose", "docker-compose.dcproj", "{DC6BA6D0-63AA-4542-811F-F3C6DC9C63DC}"
EndProject
Project("{2150E333-8FDC-42A3-9474-1A3956D46DE8}") = "Discount", "Discount", "{D830487D-74D9-414E-9B7C-5A936646A460}"
EndProject
Project("{9A19103F-16F7-4668-BE54-9A1E7A4F7556}") = "Discount.API", "Services\Discount\Discount.API\Discount.API.csproj", "{F82C792E-40B1-4E0E-8FAB-2B1251B11AC7}"
EndProject
Project("{FAE04EC0-301F-11D3-BF4B-00C04F79EFBC}") = "Discount.Grpc", "Services\Discount\Discount.Grpc\Discount.Grpc.csproj", "{A7667D7E-107E-4333-8AE8-E024C3D9A2EE}"
EndProject
Global
	GlobalSection(SolutionConfigurationPlatforms) = preSolution
		Debug|Any CPU = Debug|Any CPU
		Release|Any CPU = Release|Any CPU
	EndGlobalSection
	GlobalSection(ProjectConfigurationPlatforms) = postSolution
		{6AAD48BC-B786-423B-BE83-8D3796CA6269}.Debug|Any CPU.ActiveCfg = Debug|Any CPU
		{6AAD48BC-B786-423B-BE83-8D3796CA6269}.Debug|Any CPU.Build.0 = Debug|Any CPU
		{6AAD48BC-B786-423B-BE83-8D3796CA6269}.Release|Any CPU.ActiveCfg = Release|Any CPU
		{6AAD48BC-B786-423B-BE83-8D3796CA6269}.Release|Any CPU.Build.0 = Release|Any CPU
		{CF75268C-2E06-413C-904B-91CA5536FF91}.Debug|Any CPU.ActiveCfg = Debug|Any CPU
		{CF75268C-2E06-413C-904B-91CA5536FF91}.Debug|Any CPU.Build.0 = Debug|Any CPU
		{CF75268C-2E06-413C-904B-91CA5536FF91}.Release|Any CPU.ActiveCfg = Release|Any CPU
		{CF75268C-2E06-413C-904B-91CA5536FF91}.Release|Any CPU.Build.0 = Release|Any CPU
		{DC6BA6D0-63AA-4542-811F-F3C6DC9C63DC}.Debug|Any CPU.ActiveCfg = Debug|Any CPU
		{DC6BA6D0-63AA-4542-811F-F3C6DC9C63DC}.Debug|Any CPU.Build.0 = Debug|Any CPU
		{DC6BA6D0-63AA-4542-811F-F3C6DC9C63DC}.Release|Any CPU.ActiveCfg = Release|Any CPU
		{DC6BA6D0-63AA-4542-811F-F3C6DC9C63DC}.Release|Any CPU.Build.0 = Release|Any CPU
		{F82C792E-40B1-4E0E-8FAB-2B1251B11AC7}.Debug|Any CPU.ActiveCfg = Debug|Any CPU
		{F82C792E-40B1-4E0E-8FAB-2B1251B11AC7}.Debug|Any CPU.Build.0 = Debug|Any CPU
		{F82C792E-40B1-4E0E-8FAB-2B1251B11AC7}.Release|Any CPU.ActiveCfg = Release|Any CPU
		{F82C792E-40B1-4E0E-8FAB-2B1251B11AC7}.Release|Any CPU.Build.0 = Release|Any CPU
		{A7667D7E-107E-4333-8AE8-E024C3D9A2EE}.Debug|Any CPU.ActiveCfg = Debug|Any CPU
		{A7667D7E-107E-4333-8AE8-E024C3D9A2EE}.Debug|Any CPU.Build.0 = Debug|Any CPU
		{A7667D7E-107E-4333-8AE8-E024C3D9A2EE}.Release|Any CPU.ActiveCfg = Release|Any CPU
		{A7667D7E-107E-4333-8AE8-E024C3D9A2EE}.Release|Any CPU.Build.0 = Release|Any CPU
	EndGlobalSection
	GlobalSection(SolutionProperties) = preSolution
		HideSolutionNode = FALSE
	EndGlobalSection
	GlobalSection(NestedProjects) = preSolution
		{1F665984-96EE-453D-BD09-664AA0B62B97} = {3875EEA0-DC3C-47EA-9B6E-4878A1FE0FD3}
		{6AAD48BC-B786-423B-BE83-8D3796CA6269} = {1F665984-96EE-453D-BD09-664AA0B62B97}
		{C173353C-4294-47D9-8E5B-B6650FFB0FB1} = {3875EEA0-DC3C-47EA-9B6E-4878A1FE0FD3}
		{CF75268C-2E06-413C-904B-91CA5536FF91} = {C173353C-4294-47D9-8E5B-B6650FFB0FB1}
		{D830487D-74D9-414E-9B7C-5A936646A460} = {3875EEA0-DC3C-47EA-9B6E-4878A1FE0FD3}
		{F82C792E-40B1-4E0E-8FAB-2B1251B11AC7} = {D830487D-74D9-414E-9B7C-5A936646A460}
		{A7667D7E-107E-4333-8AE8-E024C3D9A2EE} = {D830487D-74D9-414E-9B7C-5A936646A460}
	EndGlobalSection
	GlobalSection(ExtensibilityGlobals) = postSolution
		SolutionGuid = {0B811778-1BA1-4511-A037-8ABA2E9B125C}
	EndGlobalSection
EndGlobal
